// !$*UTF8*$!
{
	archiveVersion = 1;
	classes = {
	};
	objectVersion = 56;
	objects = {

/* Begin PBXBuildFile section */
		6A1EFC512A5256AE00893062 /* AppDelegate.swift in Sources */ = {isa = PBXBuildFile; fileRef = 6A1EFC502A5256AE00893062 /* AppDelegate.swift */; };
		6A1EFC532A5256AE00893062 /* SceneDelegate.swift in Sources */ = {isa = PBXBuildFile; fileRef = 6A1EFC522A5256AE00893062 /* SceneDelegate.swift */; };
		6A1EFC552A5256AE00893062 /* ViewController.swift in Sources */ = {isa = PBXBuildFile; fileRef = 6A1EFC542A5256AE00893062 /* ViewController.swift */; };
		6A1EFC582A5256AE00893062 /* Main.storyboard in Resources */ = {isa = PBXBuildFile; fileRef = 6A1EFC562A5256AE00893062 /* Main.storyboard */; };
		6A1EFC5A2A5256B000893062 /* Assets.xcassets in Resources */ = {isa = PBXBuildFile; fileRef = 6A1EFC592A5256B000893062 /* Assets.xcassets */; };
		6A1EFC5D2A5256B000893062 /* LaunchScreen.storyboard in Resources */ = {isa = PBXBuildFile; fileRef = 6A1EFC5B2A5256B000893062 /* LaunchScreen.storyboard */; };
		6A1EFC682A5256B000893062 /* You_Are_Awesome2_Tests.swift in Sources */ = {isa = PBXBuildFile; fileRef = 6A1EFC672A5256B000893062 /* You_Are_Awesome2_Tests.swift */; };
		6A1EFC722A5256B000893062 /* You_Are_Awesome2_UITests.swift in Sources */ = {isa = PBXBuildFile; fileRef = 6A1EFC712A5256B000893062 /* You_Are_Awesome2_UITests.swift */; };
		6A1EFC742A5256B000893062 /* You_Are_Awesome2_UITestsLaunchTests.swift in Sources */ = {isa = PBXBuildFile; fileRef = 6A1EFC732A5256B000893062 /* You_Are_Awesome2_UITestsLaunchTests.swift */; };
/* End PBXBuildFile section */

/* Begin PBXContainerItemProxy section */
		6A1EFC642A5256B000893062 /* PBXContainerItemProxy */ = {
			isa = PBXContainerItemProxy;
			containerPortal = 6A1EFC452A5256AE00893062 /* Project object */;
			proxyType = 1;
			remoteGlobalIDString = 6A1EFC4C2A5256AE00893062;
			remoteInfo = "You Are Awesome2!";
		};
		6A1EFC6E2A5256B000893062 /* PBXContainerItemProxy */ = {
			isa = PBXContainerItemProxy;
			containerPortal = 6A1EFC452A5256AE00893062 /* Project object */;
			proxyType = 1;
			remoteGlobalIDString = 6A1EFC4C2A5256AE00893062;
			remoteInfo = "You Are Awesome2!";
		};
/* End PBXContainerItemProxy section */

/* Begin PBXFileReference section */
		6A1EFC4D2A5256AE00893062 /* You Are Awesome2!.app */ = {isa = PBXFileReference; explicitFileType = wrapper.application; includeInIndex = 0; path = "You Are Awesome2!.app"; sourceTree = BUILT_PRODUCTS_DIR; };
		6A1EFC502A5256AE00893062 /* AppDelegate.swift */ = {isa = PBXFileReference; lastKnownFileType = sourcecode.swift; path = AppDelegate.swift; sourceTree = "<group>"; };
		6A1EFC522A5256AE00893062 /* SceneDelegate.swift */ = {isa = PBXFileReference; lastKnownFileType = sourcecode.swift; path = SceneDelegate.swift; sourceTree = "<group>"; };
		6A1EFC542A5256AE00893062 /* ViewController.swift */ = {isa = PBXFileReference; lastKnownFileType = sourcecode.swift; path = ViewController.swift; sourceTree = "<group>"; };
		6A1EFC572A5256AE00893062 /* Base */ = {isa = PBXFileReference; lastKnownFileType = file.storyboard; name = Base; path = Base.lproj/Main.storyboard; sourceTree = "<group>"; };
		6A1EFC592A5256B000893062 /* Assets.xcassets */ = {isa = PBXFileReference; lastKnownFileType = folder.assetcatalog; path = Assets.xcassets; sourceTree = "<group>"; };
		6A1EFC5C2A5256B000893062 /* Base */ = {isa = PBXFileReference; lastKnownFileType = file.storyboard; name = Base; path = Base.lproj/LaunchScreen.storyboard; sourceTree = "<group>"; };
		6A1EFC5E2A5256B000893062 /* Info.plist */ = {isa = PBXFileReference; lastKnownFileType = text.plist.xml; path = Info.plist; sourceTree = "<group>"; };
		6A1EFC632A5256B000893062 /* You Are Awesome2!Tests.xctest */ = {isa = PBXFileReference; explicitFileType = wrapper.cfbundle; includeInIndex = 0; path = "You Are Awesome2!Tests.xctest"; sourceTree = BUILT_PRODUCTS_DIR; };
		6A1EFC672A5256B000893062 /* You_Are_Awesome2_Tests.swift */ = {isa = PBXFileReference; lastKnownFileType = sourcecode.swift; path = You_Are_Awesome2_Tests.swift; sourceTree = "<group>"; };
		6A1EFC6D2A5256B000893062 /* You Are Awesome2!UITests.xctest */ = {isa = PBXFileReference; explicitFileType = wrapper.cfbundle; includeInIndex = 0; path = "You Are Awesome2!UITests.xctest"; sourceTree = BUILT_PRODUCTS_DIR; };
		6A1EFC712A5256B000893062 /* You_Are_Awesome2_UITests.swift */ = {isa = PBXFileReference; lastKnownFileType = sourcecode.swift; path = You_Are_Awesome2_UITests.swift; sourceTree = "<group>"; };
		6A1EFC732A5256B000893062 /* You_Are_Awesome2_UITestsLaunchTests.swift */ = {isa = PBXFileReference; lastKnownFileType = sourcecode.swift; path = You_Are_Awesome2_UITestsLaunchTests.swift; sourceTree = "<group>"; };
/* End PBXFileReference section */

/* Begin PBXFrameworksBuildPhase section */
		6A1EFC4A2A5256AE00893062 /* Frameworks */ = {
			isa = PBXFrameworksBuildPhase;
			buildActionMask = 2147483647;
			files = (
			);
			runOnlyForDeploymentPostprocessing = 0;
		};
		6A1EFC602A5256B000893062 /* Frameworks */ = {
			isa = PBXFrameworksBuildPhase;
			buildActionMask = 2147483647;
			files = (
			);
			runOnlyForDeploymentPostprocessing = 0;
		};
		6A1EFC6A2A5256B000893062 /* Frameworks */ = {
			isa = PBXFrameworksBuildPhase;
			buildActionMask = 2147483647;
			files = (
			);
			runOnlyForDeploymentPostprocessing = 0;
		};
/* End PBXFrameworksBuildPhase section */

/* Begin PBXGroup section */
		6A1EFC442A5256AE00893062 = {
			isa = PBXGroup;
			children = (
				6A1EFC4F2A5256AE00893062 /* You Are Awesome2! */,
				6A1EFC662A5256B000893062 /* You Are Awesome2!Tests */,
				6A1EFC702A5256B000893062 /* You Are Awesome2!UITests */,
				6A1EFC4E2A5256AE00893062 /* Products */,
			);
			sourceTree = "<group>";
		};
		6A1EFC4E2A5256AE00893062 /* Products */ = {
			isa = PBXGroup;
			children = (
				6A1EFC4D2A5256AE00893062 /* You Are Awesome2!.app */,
				6A1EFC632A5256B000893062 /* You Are Awesome2!Tests.xctest */,
				6A1EFC6D2A5256B000893062 /* You Are Awesome2!UITests.xctest */,
			);
			name = Products;
			sourceTree = "<group>";
		};
		6A1EFC4F2A5256AE00893062 /* You Are Awesome2! */ = {
			isa = PBXGroup;
			children = (
				6A1EFC502A5256AE00893062 /* AppDelegate.swift */,
				6A1EFC522A5256AE00893062 /* SceneDelegate.swift */,
				6A1EFC542A5256AE00893062 /* ViewController.swift */,
				6A1EFC562A5256AE00893062 /* Main.storyboard */,
				6A1EFC592A5256B000893062 /* Assets.xcassets */,
				6A1EFC5B2A5256B000893062 /* LaunchScreen.storyboard */,
				6A1EFC5E2A5256B000893062 /* Info.plist */,
			);
			path = "You Are Awesome2!";
			sourceTree = "<group>";
		};
		6A1EFC662A5256B000893062 /* You Are Awesome2!Tests */ = {
			isa = PBXGroup;
			children = (
				6A1EFC672A5256B000893062 /* You_Are_Awesome2_Tests.swift */,
			);
			path = "You Are Awesome2!Tests";
			sourceTree = "<group>";
		};
		6A1EFC702A5256B000893062 /* You Are Awesome2!UITests */ = {
			isa = PBXGroup;
			children = (
				6A1EFC712A5256B000893062 /* You_Are_Awesome2_UITests.swift */,
				6A1EFC732A5256B000893062 /* You_Are_Awesome2_UITestsLaunchTests.swift */,
			);
			path = "You Are Awesome2!UITests";
			sourceTree = "<group>";
		};
/* End PBXGroup section */

/* Begin PBXNativeTarget section */
		6A1EFC4C2A5256AE00893062 /* You Are Awesome2! */ = {
			isa = PBXNativeTarget;
			buildConfigurationList = 6A1EFC772A5256B000893062 /* Build configuration list for PBXNativeTarget "You Are Awesome2!" */;
			buildPhases = (
				6A1EFC492A5256AE00893062 /* Sources */,
				6A1EFC4A2A5256AE00893062 /* Frameworks */,
				6A1EFC4B2A5256AE00893062 /* Resources */,
			);
			buildRules = (
			);
			dependencies = (
			);
			name = "You Are Awesome2!";
			productName = "You Are Awesome2!";
			productReference = 6A1EFC4D2A5256AE00893062 /* You Are Awesome2!.app */;
			productType = "com.apple.product-type.application";
		};
		6A1EFC622A5256B000893062 /* You Are Awesome2!Tests */ = {
			isa = PBXNativeTarget;
			buildConfigurationList = 6A1EFC7A2A5256B000893062 /* Build configuration list for PBXNativeTarget "You Are Awesome2!Tests" */;
			buildPhases = (
				6A1EFC5F2A5256B000893062 /* Sources */,
				6A1EFC602A5256B000893062 /* Frameworks */,
				6A1EFC612A5256B000893062 /* Resources */,
			);
			buildRules = (
			);
			dependencies = (
				6A1EFC652A5256B000893062 /* PBXTargetDependency */,
			);
			name = "You Are Awesome2!Tests";
			productName = "You Are Awesome2!Tests";
			productReference = 6A1EFC632A5256B000893062 /* You Are Awesome2!Tests.xctest */;
			productType = "com.apple.product-type.bundle.unit-test";
		};
		6A1EFC6C2A5256B000893062 /* You Are Awesome2!UITests */ = {
			isa = PBXNativeTarget;
			buildConfigurationList = 6A1EFC7D2A5256B000893062 /* Build configuration list for PBXNativeTarget "You Are Awesome2!UITests" */;
			buildPhases = (
				6A1EFC692A5256B000893062 /* Sources */,
				6A1EFC6A2A5256B000893062 /* Frameworks */,
				6A1EFC6B2A5256B000893062 /* Resources */,
			);
			buildRules = (
			);
			dependencies = (
				6A1EFC6F2A5256B000893062 /* PBXTargetDependency */,
			);
			name = "You Are Awesome2!UITests";
			productName = "You Are Awesome2!UITests";
			productReference = 6A1EFC6D2A5256B000893062 /* You Are Awesome2!UITests.xctest */;
			productType = "com.apple.product-type.bundle.ui-testing";
		};
/* End PBXNativeTarget section */

/* Begin PBXProject section */
		6A1EFC452A5256AE00893062 /* Project object */ = {
			isa = PBXProject;
			attributes = {
				BuildIndependentTargetsInParallel = 1;
				LastSwiftUpdateCheck = 1430;
				LastUpgradeCheck = 1430;
				TargetAttributes = {
					6A1EFC4C2A5256AE00893062 = {
						CreatedOnToolsVersion = 14.3;
					};
					6A1EFC622A5256B000893062 = {
						CreatedOnToolsVersion = 14.3;
						TestTargetID = 6A1EFC4C2A5256AE00893062;
					};
					6A1EFC6C2A5256B000893062 = {
						CreatedOnToolsVersion = 14.3;
						TestTargetID = 6A1EFC4C2A5256AE00893062;
					};
				};
			};
			buildConfigurationList = 6A1EFC482A5256AE00893062 /* Build configuration list for PBXProject "You Are Awesome2!" */;
			compatibilityVersion = "Xcode 14.0";
			developmentRegion = en;
			hasScannedForEncodings = 0;
			knownRegions = (
				en,
				Base,
			);
			mainGroup = 6A1EFC442A5256AE00893062;
			productRefGroup = 6A1EFC4E2A5256AE00893062 /* Products */;
			projectDirPath = "";
			projectRoot = "";
			targets = (
				6A1EFC4C2A5256AE00893062 /* You Are Awesome2! */,
				6A1EFC622A5256B000893062 /* You Are Awesome2!Tests */,
				6A1EFC6C2A5256B000893062 /* You Are Awesome2!UITests */,
			);
		};
/* End PBXProject section */

/* Begin PBXResourcesBuildPhase section */
		6A1EFC4B2A5256AE00893062 /* Resources */ = {
			isa = PBXResourcesBuildPhase;
			buildActionMask = 2147483647;
			files = (
				6A1EFC5D2A5256B000893062 /* LaunchScreen.storyboard in Resources */,
				6A1EFC5A2A5256B000893062 /* Assets.xcassets in Resources */,
				6A1EFC582A5256AE00893062 /* Main.storyboard in Resources */,
			);
			runOnlyForDeploymentPostprocessing = 0;
		};
		6A1EFC612A5256B000893062 /* Resources */ = {
			isa = PBXResourcesBuildPhase;
			buildActionMask = 2147483647;
			files = (
			);
			runOnlyForDeploymentPostprocessing = 0;
		};
		6A1EFC6B2A5256B000893062 /* Resources */ = {
			isa = PBXResourcesBuildPhase;
			buildActionMask = 2147483647;
			files = (
			);
			runOnlyForDeploymentPostprocessing = 0;
		};
/* End PBXResourcesBuildPhase section */

/* Begin PBXSourcesBuildPhase section */
		6A1EFC492A5256AE00893062 /* Sources */ = {
			isa = PBXSourcesBuildPhase;
			buildActionMask = 2147483647;
			files = (
				6A1EFC552A5256AE00893062 /* ViewController.swift in Sources */,
				6A1EFC512A5256AE00893062 /* AppDelegate.swift in Sources */,
				6A1EFC532A5256AE00893062 /* SceneDelegate.swift in Sources */,
			);
			runOnlyForDeploymentPostprocessing = 0;
		};
		6A1EFC5F2A5256B000893062 /* Sources */ = {
			isa = PBXSourcesBuildPhase;
			buildActionMask = 2147483647;
			files = (
				6A1EFC682A5256B000893062 /* You_Are_Awesome2_Tests.swift in Sources */,
			);
			runOnlyForDeploymentPostprocessing = 0;
		};
		6A1EFC692A5256B000893062 /* Sources */ = {
			isa = PBXSourcesBuildPhase;
			buildActionMask = 2147483647;
			files = (
				6A1EFC742A5256B000893062 /* You_Are_Awesome2_UITestsLaunchTests.swift in Sources */,
				6A1EFC722A5256B000893062 /* You_Are_Awesome2_UITests.swift in Sources */,
			);
			runOnlyForDeploymentPostprocessing = 0;
		};
/* End PBXSourcesBuildPhase section */

/* Begin PBXTargetDependency section */
		6A1EFC652A5256B000893062 /* PBXTargetDependency */ = {
			isa = PBXTargetDependency;
			target = 6A1EFC4C2A5256AE00893062 /* You Are Awesome2! */;
			targetProxy = 6A1EFC642A5256B000893062 /* PBXContainerItemProxy */;
		};
		6A1EFC6F2A5256B000893062 /* PBXTargetDependency */ = {
			isa = PBXTargetDependency;
			target = 6A1EFC4C2A5256AE00893062 /* You Are Awesome2! */;
			targetProxy = 6A1EFC6E2A5256B000893062 /* PBXContainerItemProxy */;
		};
/* End PBXTargetDependency section */

/* Begin PBXVariantGroup section */
		6A1EFC562A5256AE00893062 /* Main.storyboard */ = {
			isa = PBXVariantGroup;
			children = (
				6A1EFC572A5256AE00893062 /* Base */,
			);
			name = Main.storyboard;
			sourceTree = "<group>";
		};
		6A1EFC5B2A5256B000893062 /* LaunchScreen.storyboard */ = {
			isa = PBXVariantGroup;
			children = (
				6A1EFC5C2A5256B000893062 /* Base */,
			);
			name = LaunchScreen.storyboard;
			sourceTree = "<group>";
		};
/* End PBXVariantGroup section */

/* Begin XCBuildConfiguration section */
		6A1EFC752A5256B000893062 /* Debug */ = {
			isa = XCBuildConfiguration;
			buildSettings = {
				ALWAYS_SEARCH_USER_PATHS = NO;
				CLANG_ANALYZER_NONNULL = YES;
				CLANG_ANALYZER_NUMBER_OBJECT_CONVERSION = YES_AGGRESSIVE;
				CLANG_CXX_LANGUAGE_STANDARD = "gnu++20";
				CLANG_ENABLE_MODULES = YES;
				CLANG_ENABLE_OBJC_ARC = YES;
				CLANG_ENABLE_OBJC_WEAK = YES;
				CLANG_WARN_BLOCK_CAPTURE_AUTORELEASING = YES;
				CLANG_WARN_BOOL_CONVERSION = YES;
				CLANG_WARN_COMMA = YES;
				CLANG_WARN_CONSTANT_CONVERSION = YES;
				CLANG_WARN_DEPRECATED_OBJC_IMPLEMENTATIONS = YES;
				CLANG_WARN_DIRECT_OBJC_ISA_USAGE = YES_ERROR;
				CLANG_WARN_DOCUMENTATION_COMMENTS = YES;
				CLANG_WARN_EMPTY_BODY = YES;
				CLANG_WARN_ENUM_CONVERSION = YES;
				CLANG_WARN_INFINITE_RECURSION = YES;
				CLANG_WARN_INT_CONVERSION = YES;
				CLANG_WARN_NON_LITERAL_NULL_CONVERSION = YES;
				CLANG_WARN_OBJC_IMPLICIT_RETAIN_SELF = YES;
				CLANG_WARN_OBJC_LITERAL_CONVERSION = YES;
				CLANG_WARN_OBJC_ROOT_CLASS = YES_ERROR;
				CLANG_WARN_QUOTED_INCLUDE_IN_FRAMEWORK_HEADER = YES;
				CLANG_WARN_RANGE_LOOP_ANALYSIS = YES;
				CLANG_WARN_STRICT_PROTOTYPES = YES;
				CLANG_WARN_SUSPICIOUS_MOVE = YES;
				CLANG_WARN_UNGUARDED_AVAILABILITY = YES_AGGRESSIVE;
				CLANG_WARN_UNREACHABLE_CODE = YES;
				CLANG_WARN__DUPLICATE_METHOD_MATCH = YES;
				COPY_PHASE_STRIP = NO;
				DEBUG_INFORMATION_FORMAT = dwarf;
				ENABLE_STRICT_OBJC_MSGSEND = YES;
				ENABLE_TESTABILITY = YES;
				GCC_C_LANGUAGE_STANDARD = gnu11;
				GCC_DYNAMIC_NO_PIC = NO;
				GCC_NO_COMMON_BLOCKS = YES;
				GCC_OPTIMIZATION_LEVEL = 0;
				GCC_PREPROCESSOR_DEFINITIONS = (
					"DEBUG=1",
					"$(inherited)",
				);
				GCC_WARN_64_TO_32_BIT_CONVERSION = YES;
				GCC_WARN_ABOUT_RETURN_TYPE = YES_ERROR;
				GCC_WARN_UNDECLARED_SELECTOR = YES;
				GCC_WARN_UNINITIALIZED_AUTOS = YES_AGGRESSIVE;
				GCC_WARN_UNUSED_FUNCTION = YES;
				GCC_WARN_UNUSED_VARIABLE = YES;
				IPHONEOS_DEPLOYMENT_TARGET = 16.4;
				MTL_ENABLE_DEBUG_INFO = INCLUDE_SOURCE;
				MTL_FAST_MATH = YES;
				ONLY_ACTIVE_ARCH = YES;
				SDKROOT = iphoneos;
				SWIFT_ACTIVE_COMPILATION_CONDITIONS = DEBUG;
				SWIFT_OPTIMIZATION_LEVEL = "-Onone";
			};
			name = Debug;
		};
		6A1EFC762A5256B000893062 /* Release */ = {
			isa = XCBuildConfiguration;
			buildSettings = {
				ALWAYS_SEARCH_USER_PATHS = NO;
				CLANG_ANALYZER_NONNULL = YES;
				CLANG_ANALYZER_NUMBER_OBJECT_CONVERSION = YES_AGGRESSIVE;
				CLANG_CXX_LANGUAGE_STANDARD = "gnu++20";
				CLANG_ENABLE_MODULES = YES;
				CLANG_ENABLE_OBJC_ARC = YES;
				CLANG_ENABLE_OBJC_WEAK = YES;
				CLANG_WARN_BLOCK_CAPTURE_AUTORELEASING = YES;
				CLANG_WARN_BOOL_CONVERSION = YES;
				CLANG_WARN_COMMA = YES;
				CLANG_WARN_CONSTANT_CONVERSION = YES;
				CLANG_WARN_DEPRECATED_OBJC_IMPLEMENTATIONS = YES;
				CLANG_WARN_DIRECT_OBJC_ISA_USAGE = YES_ERROR;
				CLANG_WARN_DOCUMENTATION_COMMENTS = YES;
				CLANG_WARN_EMPTY_BODY = YES;
				CLANG_WARN_ENUM_CONVERSION = YES;
				CLANG_WARN_INFINITE_RECURSION = YES;
				CLANG_WARN_INT_CONVERSION = YES;
				CLANG_WARN_NON_LITERAL_NULL_CONVERSION = YES;
				CLANG_WARN_OBJC_IMPLICIT_RETAIN_SELF = YES;
				CLANG_WARN_OBJC_LITERAL_CONVERSION = YES;
				CLANG_WARN_OBJC_ROOT_CLASS = YES_ERROR;
				CLANG_WARN_QUOTED_INCLUDE_IN_FRAMEWORK_HEADER = YES;
				CLANG_WARN_RANGE_LOOP_ANALYSIS = YES;
				CLANG_WARN_STRICT_PROTOTYPES = YES;
				CLANG_WARN_SUSPICIOUS_MOVE = YES;
				CLANG_WARN_UNGUARDED_AVAILABILITY = YES_AGGRESSIVE;
				CLANG_WARN_UNREACHABLE_CODE = YES;
				CLANG_WARN__DUPLICATE_METHOD_MATCH = YES;
				COPY_PHASE_STRIP = NO;
				DEBUG_INFORMATION_FORMAT = "dwarf-with-dsym";
				ENABLE_NS_ASSERTIONS = NO;
				ENABLE_STRICT_OBJC_MSGSEND = YES;
				GCC_C_LANGUAGE_STANDARD = gnu11;
				GCC_NO_COMMON_BLOCKS = YES;
				GCC_WARN_64_TO_32_BIT_CONVERSION = YES;
				GCC_WARN_ABOUT_RETURN_TYPE = YES_ERROR;
				GCC_WARN_UNDECLARED_SELECTOR = YES;
				GCC_WARN_UNINITIALIZED_AUTOS = YES_AGGRESSIVE;
				GCC_WARN_UNUSED_FUNCTION = YES;
				GCC_WARN_UNUSED_VARIABLE = YES;
				IPHONEOS_DEPLOYMENT_TARGET = 16.4;
				MTL_ENABLE_DEBUG_INFO = NO;
				MTL_FAST_MATH = YES;
				SDKROOT = iphoneos;
				SWIFT_COMPILATION_MODE = wholemodule;
				SWIFT_OPTIMIZATION_LEVEL = "-O";
				VALIDATE_PRODUCT = YES;
			};
			name = Release;
		};
		6A1EFC782A5256B000893062 /* Debug */ = {
			isa = XCBuildConfiguration;
			buildSettings = {
				ASSETCATALOG_COMPILER_APPICON_NAME = AppIcon;
				ASSETCATALOG_COMPILER_GLOBAL_ACCENT_COLOR_NAME = AccentColor;
				CODE_SIGN_STYLE = Automatic;
				CURRENT_PROJECT_VERSION = 1;
				DEVELOPMENT_TEAM = 493LVK9485;
				GENERATE_INFOPLIST_FILE = YES;
				INFOPLIST_FILE = "You Are Awesome2!/Info.plist";
				INFOPLIST_KEY_UIApplicationSupportsIndirectInputEvents = YES;
				INFOPLIST_KEY_UILaunchStoryboardName = LaunchScreen;
				INFOPLIST_KEY_UIMainStoryboardFile = Main;
				INFOPLIST_KEY_UISupportedInterfaceOrientations_iPad = "UIInterfaceOrientationPortrait UIInterfaceOrientationPortraitUpsideDown UIInterfaceOrientationLandscapeLeft UIInterfaceOrientationLandscapeRight";
				INFOPLIST_KEY_UISupportedInterfaceOrientations_iPhone = "UIInterfaceOrientationPortrait UIInterfaceOrientationLandscapeLeft UIInterfaceOrientationLandscapeRight";
				LD_RUNPATH_SEARCH_PATHS = (
					"$(inherited)",
					"@executable_path/Frameworks",
				);
				MARKETING_VERSION = 1.0;
				PRODUCT_BUNDLE_IDENTIFIER = "com.yolandafoy.You-Are-Awesome2-";
				PRODUCT_NAME = "$(TARGET_NAME)";
				SWIFT_EMIT_LOC_STRINGS = YES;
				SWIFT_VERSION = 5.0;
				TARGETED_DEVICE_FAMILY = "1,2";
			};
			name = Debug;
		};
		6A1EFC792A5256B000893062 /* Release */ = {
			isa = XCBuildConfiguration;
			buildSettings = {
				ASSETCATALOG_COMPILER_APPICON_NAME = AppIcon;
				ASSETCATALOG_COMPILER_GLOBAL_ACCENT_COLOR_NAME = AccentColor;
				CODE_SIGN_STYLE = Automatic;
				CURRENT_PROJECT_VERSION = 1;
				DEVELOPMENT_TEAM = 493LVK9485;
				GENERATE_INFOPLIST_FILE = YES;
				INFOPLIST_FILE = "You Are Awesome2!/Info.plist";
				INFOPLIST_KEY_UIApplicationSupportsIndirectInputEvents = YES;
				INFOPLIST_KEY_UILaunchStoryboardName = LaunchScreen;
				INFOPLIST_KEY_UIMainStoryboardFile = Main;
				INFOPLIST_KEY_UISupportedInterfaceOrientations_iPad = "UIInterfaceOrientationPortrait UIInterfaceOrientationPortraitUpsideDown UIInterfaceOrientationLandscapeLeft UIInterfaceOrientationLandscapeRight";
				INFOPLIST_KEY_UISupportedInterfaceOrientations_iPhone = "UIInterfaceOrientationPortrait UIInterfaceOrientationLandscapeLeft UIInterfaceOrientationLandscapeRight";
				LD_RUNPATH_SEARCH_PATHS = (
					"$(inherited)",
					"@executable_path/Frameworks",
				);
				MARKETING_VERSION = 1.0;
				PRODUCT_BUNDLE_IDENTIFIER = "com.yolandafoy.You-Are-Awesome2-";
				PRODUCT_NAME = "$(TARGET_NAME)";
				SWIFT_EMIT_LOC_STRINGS = YES;
				SWIFT_VERSION = 5.0;
				TARGETED_DEVICE_FAMILY = "1,2";
			};
			name = Release;
		};
		6A1EFC7B2A5256B000893062 /* Debug */ = {
			isa = XCBuildConfiguration;
			buildSettings = {
				ALWAYS_EMBED_SWIFT_STANDARD_LIBRARIES = YES;
				BUNDLE_LOADER = "$(TEST_HOST)";
				CODE_SIGN_STYLE = Automatic;
				CURRENT_PROJECT_VERSION = 1;
				DEVELOPMENT_TEAM = 493LVK9485;
				GENERATE_INFOPLIST_FILE = YES;
				IPHONEOS_DEPLOYMENT_TARGET = 16.4;
				MARKETING_VERSION = 1.0;
				PRODUCT_BUNDLE_IDENTIFIER = "com.yolandafoy.You-Are-Awesome2-Tests";
				PRODUCT_NAME = "$(TARGET_NAME)";
				SWIFT_EMIT_LOC_STRINGS = NO;
				SWIFT_VERSION = 5.0;
				TARGETED_DEVICE_FAMILY = "1,2";
				TEST_HOST = "$(BUILT_PRODUCTS_DIR)/You Are Awesome2!.app/$(BUNDLE_EXECUTABLE_FOLDER_PATH)/You Are Awesome2!";
			};
			name = Debug;
		};
		6A1EFC7C2A5256B000893062 /* Release */ = {
			isa = XCBuildConfiguration;
			buildSettings = {
				ALWAYS_EMBED_SWIFT_STANDARD_LIBRARIES = YES;
				BUNDLE_LOADER = "$(TEST_HOST)";
				CODE_SIGN_STYLE = Automatic;
				CURRENT_PROJECT_VERSION = 1;
				DEVELOPMENT_TEAM = 493LVK9485;
				GENERATE_INFOPLIST_FILE = YES;
				IPHONEOS_DEPLOYMENT_TARGET = 16.4;
				MARKETING_VERSION = 1.0;
				PRODUCT_BUNDLE_IDENTIFIER = "com.yolandafoy.You-Are-Awesome2-Tests";
				PRODUCT_NAME = "$(TARGET_NAME)";
				SWIFT_EMIT_LOC_STRINGS = NO;
				SWIFT_VERSION = 5.0;
				TARGETED_DEVICE_FAMILY = "1,2";
				TEST_HOST = "$(BUILT_PRODUCTS_DIR)/You Are Awesome2!.app/$(BUNDLE_EXECUTABLE_FOLDER_PATH)/You Are Awesome2!";
			};
			name = Release;
		};
		6A1EFC7E2A5256B000893062 /* Debug */ = {
			isa = XCBuildConfiguration;
			buildSettings = {
				ALWAYS_EMBED_SWIFT_STANDARD_LIBRARIES = YES;
				CODE_SIGN_STYLE = Automatic;
				CURRENT_PROJECT_VERSION = 1;
				DEVELOPMENT_TEAM = 493LVK9485;
				GENERATE_INFOPLIST_FILE = YES;
				MARKETING_VERSION = 1.0;
				PRODUCT_BUNDLE_IDENTIFIER = "com.yolandafoy.You-Are-Awesome2-UITests";
				PRODUCT_NAME = "$(TARGET_NAME)";
				SWIFT_EMIT_LOC_STRINGS = NO;
				SWIFT_VERSION = 5.0;
				TARGETED_DEVICE_FAMILY = "1,2";
				TEST_TARGET_NAME = "You Are Awesome2!";
			};
			name = Debug;
		};
		6A1EFC7F2A5256B000893062 /* Release */ = {
			isa = XCBuildConfiguration;
			buildSettings = {
				ALWAYS_EMBED_SWIFT_STANDARD_LIBRARIES = YES;
				CODE_SIGN_STYLE = Automatic;
				CURRENT_PROJECT_VERSION = 1;
				DEVELOPMENT_TEAM = 493LVK9485;
				GENERATE_INFOPLIST_FILE = YES;
				MARKETING_VERSION = 1.0;
				PRODUCT_BUNDLE_IDENTIFIER = "com.yolandafoy.You-Are-Awesome2-UITests";
				PRODUCT_NAME = "$(TARGET_NAME)";
				SWIFT_EMIT_LOC_STRINGS = NO;
				SWIFT_VERSION = 5.0;
				TARGETED_DEVICE_FAMILY = "1,2";
				TEST_TARGET_NAME = "You Are Awesome2!";
			};
			name = Release;
		};
/* End XCBuildConfiguration section */

/* Begin XCConfigurationList section */
		6A1EFC482A5256AE00893062 /* Build configuration list for PBXProject "You Are Awesome2!" */ = {
			isa = XCConfigurationList;
			buildConfigurations = (
				6A1EFC752A5256B000893062 /* Debug */,
				6A1EFC762A5256B000893062 /* Release */,
			);
			defaultConfigurationIsVisible = 0;
			defaultConfigurationName = Release;
		};
		6A1EFC772A5256B000893062 /* Build configuration list for PBXNativeTarget "You Are Awesome2!" */ = {
			isa = XCConfigurationList;
			buildConfigurations = (
				6A1EFC782A5256B000893062 /* Debug */,
				6A1EFC792A5256B000893062 /* Release */,
			);
			defaultConfigurationIsVisible = 0;
			defaultConfigurationName = Release;
		};
		6A1EFC7A2A5256B000893062 /* Build configuration list for PBXNativeTarget "You Are Awesome2!Tests" */ = {
			isa = XCConfigurationList;
			buildConfigurations = (
				6A1EFC7B2A5256B000893062 /* Debug */,
				6A1EFC7C2A5256B000893062 /* Release */,
			);
			defaultConfigurationIsVisible = 0;
			defaultConfigurationName = Release;
		};
		6A1EFC7D2A5256B000893062 /* Build configuration list for PBXNativeTarget "You Are Awesome2!UITests" */ = {
			isa = XCConfigurationList;
			buildConfigurations = (
				6A1EFC7E2A5256B000893062 /* Debug */,
				6A1EFC7F2A5256B000893062 /* Release */,
			);
			defaultConfigurationIsVisible = 0;
			defaultConfigurationName = Release;
		};
/* End XCConfigurationList section */
	};
	rootObject = 6A1EFC452A5256AE00893062 /* Project object */;
}
